PODS:
  - ChameleonFramework (2.1.0):
    - ChameleonFramework/Default (= 2.1.0)
  - ChameleonFramework/Default (2.1.0)
  - Realm (2.5.0):
    - Realm/Headers (= 2.5.0)
  - Realm/Headers (2.5.0)
  - SCLAlertView (0.7.0)

DEPENDENCIES:
  - ChameleonFramework
  - Realm
  - SCLAlertView

SPEC CHECKSUMS:
  ChameleonFramework: d21a3cc247abfe5e37609a283a8238b03575cf64
  Realm: 62abce501668580092d2be9b6ba7324a3d5f906a
  SCLAlertView: 8a14ffc40590c619e183eed2298b854385f30be1

PODFILE CHECKSUM: d947c363f0078ccb5b3182f7395176d7b1efc4d7

COCOAPODS: 1.2.0
